
Microsoft Visual Studio Solution File, Format Version 12.00
# Visual Studio Version 17
VisualStudioVersion = 17.0.31903.59
MinimumVisualStudioVersion = 10.0.40219.1
Project("{FAE04EC0-301F-11D3-BF4B-00C04F79EFBC}") = "Gallery.Unified.Client", "Gallery.Unified.Client\Gallery.Unified.Client.csproj", "{ECEF1636-2BEC-4F64-826A-90806DD3AF39}"
EndProject
Project("{FAE04EC0-301F-11D3-BF4B-00C04F79EFBC}") = "Gallery.Unified", "Gallery.Unified\Gallery.Unified.csproj", "{D9445B20-21BA-476E-BA66-E4E45CEF6F6F}"
EndProject
Global
	GlobalSection(SolutionConfigurationPlatforms) = preSolution
		Debug|Any CPU = Debug|Any CPU
		Release|Any CPU = Release|Any CPU
	EndGlobalSection
	GlobalSection(ProjectConfigurationPlatforms) = postSolution
		{ECEF1636-2BEC-4F64-826A-90806DD3AF39}.Debug|Any CPU.ActiveCfg = Debug|Any CPU
		{ECEF1636-2BEC-4F64-826A-90806DD3AF39}.Debug|Any CPU.Build.0 = Debug|Any CPU
		{ECEF1636-2BEC-4F64-826A-90806DD3AF39}.Release|Any CPU.ActiveCfg = Release|Any CPU
		{ECEF1636-2BEC-4F64-826A-90806DD3AF39}.Release|Any CPU.Build.0 = Release|Any CPU
		{D9445B20-21BA-476E-BA66-E4E45CEF6F6F}.Debug|Any CPU.ActiveCfg = Debug|Any CPU
		{D9445B20-21BA-476E-BA66-E4E45CEF6F6F}.Debug|Any CPU.Build.0 = Debug|Any CPU
		{D9445B20-21BA-476E-BA66-E4E45CEF6F6F}.Release|Any CPU.ActiveCfg = Release|Any CPU
		{D9445B20-21BA-476E-BA66-E4E45CEF6F6F}.Release|Any CPU.Build.0 = Release|Any CPU
	EndGlobalSection
	GlobalSection(SolutionProperties) = preSolution
		HideSolutionNode = FALSE
	EndGlobalSection
	GlobalSection(ExtensibilityGlobals) = postSolution
		SolutionGuid = {02854F2A-8EF4-468E-80A3-CD64BBAF5D15}
	EndGlobalSection
EndGlobal
